{
  "name": "journeysphere",
  "version": "0.1.0",
  "lockfileVersion": 3,
  "requires": true,
  "packages": {
    "": {
      "name": "journeysphere",
      "version": "0.1.0",
      "license": "MIT",
      "devDependencies": {
        "polygon-clipping": "0.15.7"
      },
      "engines": {
        "node": ">=20"
      },
      "peerDependencies": {
        "leaflet": "^1.9.4"
      }
    },
    "node_modules/leaflet": {
      "version": "1.9.4",
      "resolved": "https://registry.npmjs.org/leaflet/-/leaflet-1.9.4.tgz",
      "integrity": "sha512-nxS1ynzJOmOlHp+iL3FyWqK89GtNL8U8rvlMOsQdTTssxZwCXh8N2NB3GDQOL+YR3XnWyZAxwQixURb+FA74PA==",
      "peer": true
    },
    "node_modules/polygon-clipping": {
      "version": "0.15.7",
      "resolved": "https://registry.npmjs.org/polygon-clipping/-/polygon-clipping-0.15.7.tgz",
      "integrity": "sha512-nhfdr83ECBg6xtqOAJab1tbksbBAOMUltN60bU+llHVOL0e5Onm1WpAXXWXVB39L8AJFssoIhEVuy/S90MmotA==",
      "dev": true,
      "dependencies": {
        "robust-predicates": "^3.0.2",
        "splaytree": "^3.1.0"
      }
    },
    "node_modules/robust-predicates": {
      "version": "3.0.3",
      "resolved": "https://registry.npmjs.org/robust-predicates/-/robust-predicates-3.0.3.tgz",
      "integrity": "sha512-NS3levdsRIUOmiJ8FZWCP7LG3QpJyrs/TE0Zpf1yvZu8cAJJ6QMW92H1c7kWpdIHo8RvmLxN/o2JXTKHp74lUA==",
      "dev": true
    },
    "node_modules/splaytree": {
      "version": "3.2.3",
      "resolved": "https://registry.npmjs.org/splaytree/-/splaytree-3.2.3.tgz",
      "integrity": "sha512-7OXrNWzy6CK+r7Ch9OLPBDTKfB6XlWHjX4P0RU5B3IgFuWPeYN0XtRtlexGRjgbQxpfaUve6jTAwBGWuGntz/w==",
      "dev": true,
      "engines": {
        "node": ">=18.20 || >=20"
      }
    }
  }
}
